// !$*UTF8*$!
{
	archiveVersion = 1;
	classes = {
	};
	objectVersion = 50;
	objects = {

/* Begin PBXBuildFile section */
		D577886A252498D400CE60CD /* AppDelegate.swift in Sources */ = {isa = PBXBuildFile; fileRef = D5778869252498D400CE60CD /* AppDelegate.swift */; };
		D577886C252498D400CE60CD /* SceneDelegate.swift in Sources */ = {isa = PBXBuildFile; fileRef = D577886B252498D400CE60CD /* SceneDelegate.swift */; };
		D577886E252498D400CE60CD /* ViewController.swift in Sources */ = {isa = PBXBuildFile; fileRef = D577886D252498D400CE60CD /* ViewController.swift */; };
		D5778871252498D400CE60CD /* Main.storyboard in Resources */ = {isa = PBXBuildFile; fileRef = D577886F252498D400CE60CD /* Main.storyboard */; };
		D5778873252498D900CE60CD /* Assets.xcassets in Resources */ = {isa = PBXBuildFile; fileRef = D5778872252498D900CE60CD /* Assets.xcassets */; };
		D5778876252498D900CE60CD /* LaunchScreen.storyboard in Resources */ = {isa = PBXBuildFile; fileRef = D5778874252498D900CE60CD /* LaunchScreen.storyboard */; };
		D5778881252498D900CE60CD /* ComposeMemoTests.swift in Sources */ = {isa = PBXBuildFile; fileRef = D5778880252498D900CE60CD /* ComposeMemoTests.swift */; };
		D577888C252498D900CE60CD /* ComposeMemoUITests.swift in Sources */ = {isa = PBXBuildFile; fileRef = D577888B252498D900CE60CD /* ComposeMemoUITests.swift */; };
		D598D8C02525A5C900A257ED /* MemoViewController.swift in Sources */ = {isa = PBXBuildFile; fileRef = D598D8BF2525A5C900A257ED /* MemoViewController.swift */; };
		D598D8C22525A5DB00A257ED /* AddViewController.swift in Sources */ = {isa = PBXBuildFile; fileRef = D598D8C12525A5DB00A257ED /* AddViewController.swift */; };
		D598D8C52525A63E00A257ED /* SongTableViewCell.swift in Sources */ = {isa = PBXBuildFile; fileRef = D598D8C32525A63E00A257ED /* SongTableViewCell.swift */; };
		D598D8C62525A63E00A257ED /* SongTableViewCell.xib in Resources */ = {isa = PBXBuildFile; fileRef = D598D8C42525A63E00A257ED /* SongTableViewCell.xib */; };
		D5F431EE25363CE600A01D7A /* MemoTableViewCell.swift in Sources */ = {isa = PBXBuildFile; fileRef = D5F431EC25363CE600A01D7A /* MemoTableViewCell.swift */; };
		D5F431EF25363CE600A01D7A /* MemoTableViewCell.xib in Resources */ = {isa = PBXBuildFile; fileRef = D5F431ED25363CE600A01D7A /* MemoTableViewCell.xib */; };
		D5F431F4253640C200A01D7A /* 再生ボタン.gif in Resources */ = {isa = PBXBuildFile; fileRef = D5F431F3253640C200A01D7A /* 再生ボタン.gif */; };
		D5F431F9253640D000A01D7A /* 一時停止ボタン.png in Resources */ = {isa = PBXBuildFile; fileRef = D5F431F8253640D000A01D7A /* 一時停止ボタン.png */; };
		D5F431FE253646A000A01D7A /* NoImage.png in Resources */ = {isa = PBXBuildFile; fileRef = D5F431FD2536469F00A01D7A /* NoImage.png */; };
/* End PBXBuildFile section */

/* Begin PBXContainerItemProxy section */
		D577887D252498D900CE60CD /* PBXContainerItemProxy */ = {
			isa = PBXContainerItemProxy;
			containerPortal = D577885E252498D400CE60CD /* Project object */;
			proxyType = 1;
			remoteGlobalIDString = D5778865252498D400CE60CD;
			remoteInfo = ComposeMemo;
		};
		D5778888252498D900CE60CD /* PBXContainerItemProxy */ = {
			isa = PBXContainerItemProxy;
			containerPortal = D577885E252498D400CE60CD /* Project object */;
			proxyType = 1;
			remoteGlobalIDString = D5778865252498D400CE60CD;
			remoteInfo = ComposeMemo;
		};
/* End PBXContainerItemProxy section */

/* Begin PBXFileReference section */
		D5778866252498D400CE60CD /* ComposeMemo.app */ = {isa = PBXFileReference; explicitFileType = wrapper.application; includeInIndex = 0; path = ComposeMemo.app; sourceTree = BUILT_PRODUCTS_DIR; };
		D5778869252498D400CE60CD /* AppDelegate.swift */ = {isa = PBXFileReference; lastKnownFileType = sourcecode.swift; path = AppDelegate.swift; sourceTree = "<group>"; };
		D577886B252498D400CE60CD /* SceneDelegate.swift */ = {isa = PBXFileReference; lastKnownFileType = sourcecode.swift; path = SceneDelegate.swift; sourceTree = "<group>"; };
		D577886D252498D400CE60CD /* ViewController.swift */ = {isa = PBXFileReference; lastKnownFileType = sourcecode.swift; path = ViewController.swift; sourceTree = "<group>"; };
		D5778870252498D400CE60CD /* Base */ = {isa = PBXFileReference; lastKnownFileType = file.storyboard; name = Base; path = Base.lproj/Main.storyboard; sourceTree = "<group>"; };
		D5778872252498D900CE60CD /* Assets.xcassets */ = {isa = PBXFileReference; lastKnownFileType = folder.assetcatalog; path = Assets.xcassets; sourceTree = "<group>"; };
		D5778875252498D900CE60CD /* Base */ = {isa = PBXFileReference; lastKnownFileType = file.storyboard; name = Base; path = Base.lproj/LaunchScreen.storyboard; sourceTree = "<group>"; };
		D5778877252498D900CE60CD /* Info.plist */ = {isa = PBXFileReference; lastKnownFileType = text.plist.xml; path = Info.plist; sourceTree = "<group>"; };
		D577887C252498D900CE60CD /* ComposeMemoTests.xctest */ = {isa = PBXFileReference; explicitFileType = wrapper.cfbundle; includeInIndex = 0; path = ComposeMemoTests.xctest; sourceTree = BUILT_PRODUCTS_DIR; };
		D5778880252498D900CE60CD /* ComposeMemoTests.swift */ = {isa = PBXFileReference; lastKnownFileType = sourcecode.swift; path = ComposeMemoTests.swift; sourceTree = "<group>"; };
		D5778882252498D900CE60CD /* Info.plist */ = {isa = PBXFileReference; lastKnownFileType = text.plist.xml; path = Info.plist; sourceTree = "<group>"; };
		D5778887252498D900CE60CD /* ComposeMemoUITests.xctest */ = {isa = PBXFileReference; explicitFileType = wrapper.cfbundle; includeInIndex = 0; path = ComposeMemoUITests.xctest; sourceTree = BUILT_PRODUCTS_DIR; };
		D577888B252498D900CE60CD /* ComposeMemoUITests.swift */ = {isa = PBXFileReference; lastKnownFileType = sourcecode.swift; path = ComposeMemoUITests.swift; sourceTree = "<group>"; };
		D577888D252498D900CE60CD /* Info.plist */ = {isa = PBXFileReference; lastKnownFileType = text.plist.xml; path = Info.plist; sourceTree = "<group>"; };
		D598D8BF2525A5C900A257ED /* MemoViewController.swift */ = {isa = PBXFileReference; lastKnownFileType = sourcecode.swift; path = MemoViewController.swift; sourceTree = "<group>"; };
		D598D8C12525A5DB00A257ED /* AddViewController.swift */ = {isa = PBXFileReference; lastKnownFileType = sourcecode.swift; path = AddViewController.swift; sourceTree = "<group>"; };
		D598D8C32525A63E00A257ED /* SongTableViewCell.swift */ = {isa = PBXFileReference; lastKnownFileType = sourcecode.swift; path = SongTableViewCell.swift; sourceTree = "<group>"; };
		D598D8C42525A63E00A257ED /* SongTableViewCell.xib */ = {isa = PBXFileReference; lastKnownFileType = file.xib; path = SongTableViewCell.xib; sourceTree = "<group>"; };
		D5F431EC25363CE600A01D7A /* MemoTableViewCell.swift */ = {isa = PBXFileReference; lastKnownFileType = sourcecode.swift; path = MemoTableViewCell.swift; sourceTree = "<group>"; };
		D5F431ED25363CE600A01D7A /* MemoTableViewCell.xib */ = {isa = PBXFileReference; lastKnownFileType = file.xib; path = MemoTableViewCell.xib; sourceTree = "<group>"; };
		D5F431F3253640C200A01D7A /* 再生ボタン.gif */ = {isa = PBXFileReference; lastKnownFileType = image.gif; path = "再生ボタン.gif"; sourceTree = "<group>"; };
		D5F431F8253640D000A01D7A /* 一時停止ボタン.png */ = {isa = PBXFileReference; lastKnownFileType = image.png; path = "一時停止ボタン.png"; sourceTree = "<group>"; };
		D5F431FD2536469F00A01D7A /* NoImage.png */ = {isa = PBXFileReference; lastKnownFileType = image.png; path = NoImage.png; sourceTree = "<group>"; };
/* End PBXFileReference section */

/* Begin PBXFrameworksBuildPhase section */
		D5778863252498D400CE60CD /* Frameworks */ = {
			isa = PBXFrameworksBuildPhase;
			buildActionMask = 2147483647;
			files = (
			);
			runOnlyForDeploymentPostprocessing = 0;
		};
		D5778879252498D900CE60CD /* Frameworks */ = {
			isa = PBXFrameworksBuildPhase;
			buildActionMask = 2147483647;
			files = (
			);
			runOnlyForDeploymentPostprocessing = 0;
		};
		D5778884252498D900CE60CD /* Frameworks */ = {
			isa = PBXFrameworksBuildPhase;
			buildActionMask = 2147483647;
			files = (
			);
			runOnlyForDeploymentPostprocessing = 0;
		};
/* End PBXFrameworksBuildPhase section */

/* Begin PBXGroup section */
		D577885D252498D400CE60CD = {
			isa = PBXGroup;
			children = (
				D5778868252498D400CE60CD /* ComposeMemo */,
				D577887F252498D900CE60CD /* ComposeMemoTests */,
				D577888A252498D900CE60CD /* ComposeMemoUITests */,
				D5778867252498D400CE60CD /* Products */,
			);
			sourceTree = "<group>";
		};
		D5778867252498D400CE60CD /* Products */ = {
			isa = PBXGroup;
			children = (
				D5778866252498D400CE60CD /* ComposeMemo.app */,
				D577887C252498D900CE60CD /* ComposeMemoTests.xctest */,
				D5778887252498D900CE60CD /* ComposeMemoUITests.xctest */,
			);
			name = Products;
			sourceTree = "<group>";
		};
		D5778868252498D400CE60CD /* ComposeMemo */ = {
			isa = PBXGroup;
			children = (
				D5F431FD2536469F00A01D7A /* NoImage.png */,
				D5F431F8253640D000A01D7A /* 一時停止ボタン.png */,
				D5F431F3253640C200A01D7A /* 再生ボタン.gif */,
				D5778869252498D400CE60CD /* AppDelegate.swift */,
				D577886B252498D400CE60CD /* SceneDelegate.swift */,
				D577886D252498D400CE60CD /* ViewController.swift */,
				D598D8C12525A5DB00A257ED /* AddViewController.swift */,
				D598D8BF2525A5C900A257ED /* MemoViewController.swift */,
				D577886F252498D400CE60CD /* Main.storyboard */,
				D5778872252498D900CE60CD /* Assets.xcassets */,
				D5778874252498D900CE60CD /* LaunchScreen.storyboard */,
				D5778877252498D900CE60CD /* Info.plist */,
				D598D8C32525A63E00A257ED /* SongTableViewCell.swift */,
				D598D8C42525A63E00A257ED /* SongTableViewCell.xib */,
				D5F431EC25363CE600A01D7A /* MemoTableViewCell.swift */,
				D5F431ED25363CE600A01D7A /* MemoTableViewCell.xib */,
			);
			path = ComposeMemo;
			sourceTree = "<group>";
		};
		D577887F252498D900CE60CD /* ComposeMemoTests */ = {
			isa = PBXGroup;
			children = (
				D5778880252498D900CE60CD /* ComposeMemoTests.swift */,
				D5778882252498D900CE60CD /* Info.plist */,
			);
			path = ComposeMemoTests;
			sourceTree = "<group>";
		};
		D577888A252498D900CE60CD /* ComposeMemoUITests */ = {
			isa = PBXGroup;
			children = (
				D577888B252498D900CE60CD /* ComposeMemoUITests.swift */,
				D577888D252498D900CE60CD /* Info.plist */,
			);
			path = ComposeMemoUITests;
			sourceTree = "<group>";
		};
/* End PBXGroup section */

/* Begin PBXNativeTarget section */
		D5778865252498D400CE60CD /* ComposeMemo */ = {
			isa = PBXNativeTarget;
			buildConfigurationList = D5778890252498DA00CE60CD /* Build configuration list for PBXNativeTarget "ComposeMemo" */;
			buildPhases = (
				D5778862252498D400CE60CD /* Sources */,
				D5778863252498D400CE60CD /* Frameworks */,
				D5778864252498D400CE60CD /* Resources */,
			);
			buildRules = (
			);
			dependencies = (
			);
			name = ComposeMemo;
			productName = ComposeMemo;
			productReference = D5778866252498D400CE60CD /* ComposeMemo.app */;
			productType = "com.apple.product-type.application";
		};
		D577887B252498D900CE60CD /* ComposeMemoTests */ = {
			isa = PBXNativeTarget;
			buildConfigurationList = D5778893252498DA00CE60CD /* Build configuration list for PBXNativeTarget "ComposeMemoTests" */;
			buildPhases = (
				D5778878252498D900CE60CD /* Sources */,
				D5778879252498D900CE60CD /* Frameworks */,
				D577887A252498D900CE60CD /* Resources */,
			);
			buildRules = (
			);
			dependencies = (
				D577887E252498D900CE60CD /* PBXTargetDependency */,
			);
			name = ComposeMemoTests;
			productName = ComposeMemoTests;
			productReference = D577887C252498D900CE60CD /* ComposeMemoTests.xctest */;
			productType = "com.apple.product-type.bundle.unit-test";
		};
		D5778886252498D900CE60CD /* ComposeMemoUITests */ = {
			isa = PBXNativeTarget;
			buildConfigurationList = D5778896252498DA00CE60CD /* Build configuration list for PBXNativeTarget "ComposeMemoUITests" */;
			buildPhases = (
				D5778883252498D900CE60CD /* Sources */,
				D5778884252498D900CE60CD /* Frameworks */,
				D5778885252498D900CE60CD /* Resources */,
			);
			buildRules = (
			);
			dependencies = (
				D5778889252498D900CE60CD /* PBXTargetDependency */,
			);
			name = ComposeMemoUITests;
			productName = ComposeMemoUITests;
			productReference = D5778887252498D900CE60CD /* ComposeMemoUITests.xctest */;
			productType = "com.apple.product-type.bundle.ui-testing";
		};
/* End PBXNativeTarget section */

/* Begin PBXProject section */
		D577885E252498D400CE60CD /* Project object */ = {
			isa = PBXProject;
			attributes = {
				LastSwiftUpdateCheck = 1160;
				LastUpgradeCheck = 1160;
				ORGANIZATIONNAME = "Shinya ";
				TargetAttributes = {
					D5778865252498D400CE60CD = {
						CreatedOnToolsVersion = 11.6;
					};
					D577887B252498D900CE60CD = {
						CreatedOnToolsVersion = 11.6;
						TestTargetID = D5778865252498D400CE60CD;
					};
					D5778886252498D900CE60CD = {
						CreatedOnToolsVersion = 11.6;
						TestTargetID = D5778865252498D400CE60CD;
					};
				};
			};
			buildConfigurationList = D5778861252498D400CE60CD /* Build configuration list for PBXProject "ComposeMemo" */;
			compatibilityVersion = "Xcode 9.3";
			developmentRegion = en;
			hasScannedForEncodings = 0;
			knownRegions = (
				en,
				Base,
			);
			mainGroup = D577885D252498D400CE60CD;
			productRefGroup = D5778867252498D400CE60CD /* Products */;
			projectDirPath = "";
			projectRoot = "";
			targets = (
				D5778865252498D400CE60CD /* ComposeMemo */,
				D577887B252498D900CE60CD /* ComposeMemoTests */,
				D5778886252498D900CE60CD /* ComposeMemoUITests */,
			);
		};
/* End PBXProject section */

/* Begin PBXResourcesBuildPhase section */
		D5778864252498D400CE60CD /* Resources */ = {
			isa = PBXResourcesBuildPhase;
			buildActionMask = 2147483647;
			files = (
				D598D8C62525A63E00A257ED /* SongTableViewCell.xib in Resources */,
				D5778876252498D900CE60CD /* LaunchScreen.storyboard in Resources */,
				D5778873252498D900CE60CD /* Assets.xcassets in Resources */,
				D5F431F9253640D000A01D7A /* 一時停止ボタン.png in Resources */,
				D5778871252498D400CE60CD /* Main.storyboard in Resources */,
				D5F431F4253640C200A01D7A /* 再生ボタン.gif in Resources */,
				D5F431FE253646A000A01D7A /* NoImage.png in Resources */,
				D5F431EF25363CE600A01D7A /* MemoTableViewCell.xib in Resources */,
			);
			runOnlyForDeploymentPostprocessing = 0;
		};
		D577887A252498D900CE60CD /* Resources */ = {
			isa = PBXResourcesBuildPhase;
			buildActionMask = 2147483647;
			files = (
			);
			runOnlyForDeploymentPostprocessing = 0;
		};
		D5778885252498D900CE60CD /* Resources */ = {
			isa = PBXResourcesBuildPhase;
			buildActionMask = 2147483647;
			files = (
			);
			runOnlyForDeploymentPostprocessing = 0;
		};
/* End PBXResourcesBuildPhase section */

/* Begin PBXSourcesBuildPhase section */
		D5778862252498D400CE60CD /* Sources */ = {
			isa = PBXSourcesBuildPhase;
			buildActionMask = 2147483647;
			files = (
				D598D8C52525A63E00A257ED /* SongTableViewCell.swift in Sources */,
				D598D8C22525A5DB00A257ED /* AddViewController.swift in Sources */,
				D598D8C02525A5C900A257ED /* MemoViewController.swift in Sources */,
				D5F431EE25363CE600A01D7A /* MemoTableViewCell.swift in Sources */,
				D577886E252498D400CE60CD /* ViewController.swift in Sources */,
				D577886A252498D400CE60CD /* AppDelegate.swift in Sources */,
				D577886C252498D400CE60CD /* SceneDelegate.swift in Sources */,
			);
			runOnlyForDeploymentPostprocessing = 0;
		};
		D5778878252498D900CE60CD /* Sources */ = {
			isa = PBXSourcesBuildPhase;
			buildActionMask = 2147483647;
			files = (
				D5778881252498D900CE60CD /* ComposeMemoTests.swift in Sources */,
			);
			runOnlyForDeploymentPostprocessing = 0;
		};
		D5778883252498D900CE60CD /* Sources */ = {
			isa = PBXSourcesBuildPhase;
			buildActionMask = 2147483647;
			files = (
				D577888C252498D900CE60CD /* ComposeMemoUITests.swift in Sources */,
			);
			runOnlyForDeploymentPostprocessing = 0;
		};
/* End PBXSourcesBuildPhase section */

/* Begin PBXTargetDependency section */
		D577887E252498D900CE60CD /* PBXTargetDependency */ = {
			isa = PBXTargetDependency;
			target = D5778865252498D400CE60CD /* ComposeMemo */;
			targetProxy = D577887D252498D900CE60CD /* PBXContainerItemProxy */;
		};
		D5778889252498D900CE60CD /* PBXTargetDependency */ = {
			isa = PBXTargetDependency;
			target = D5778865252498D400CE60CD /* ComposeMemo */;
			targetProxy = D5778888252498D900CE60CD /* PBXContainerItemProxy */;
		};
/* End PBXTargetDependency section */

/* Begin PBXVariantGroup section */
		D577886F252498D400CE60CD /* Main.storyboard */ = {
			isa = PBXVariantGroup;
			children = (
				D5778870252498D400CE60CD /* Base */,
			);
			name = Main.storyboard;
			sourceTree = "<group>";
		};
		D5778874252498D900CE60CD /* LaunchScreen.storyboard */ = {
			isa = PBXVariantGroup;
			children = (
				D5778875252498D900CE60CD /* Base */,
			);
			name = LaunchScreen.storyboard;
			sourceTree = "<group>";
		};
/* End PBXVariantGroup section */

/* Begin XCBuildConfiguration section */
		D577888E252498DA00CE60CD /* Debug */ = {
			isa = XCBuildConfiguration;
			buildSettings = {
				ALWAYS_SEARCH_USER_PATHS = NO;
				CLANG_ANALYZER_NONNULL = YES;
				CLANG_ANALYZER_NUMBER_OBJECT_CONVERSION = YES_AGGRESSIVE;
				CLANG_CXX_LANGUAGE_STANDARD = "gnu++14";
				CLANG_CXX_LIBRARY = "libc++";
				CLANG_ENABLE_MODULES = YES;
				CLANG_ENABLE_OBJC_ARC = YES;
				CLANG_ENABLE_OBJC_WEAK = YES;
				CLANG_WARN_BLOCK_CAPTURE_AUTORELEASING = YES;
				CLANG_WARN_BOOL_CONVERSION = YES;
				CLANG_WARN_COMMA = YES;
				CLANG_WARN_CONSTANT_CONVERSION = YES;
				CLANG_WARN_DEPRECATED_OBJC_IMPLEMENTATIONS = YES;
				CLANG_WARN_DIRECT_OBJC_ISA_USAGE = YES_ERROR;
				CLANG_WARN_DOCUMENTATION_COMMENTS = YES;
				CLANG_WARN_EMPTY_BODY = YES;
				CLANG_WARN_ENUM_CONVERSION = YES;
				CLANG_WARN_INFINITE_RECURSION = YES;
				CLANG_WARN_INT_CONVERSION = YES;
				CLANG_WARN_NON_LITERAL_NULL_CONVERSION = YES;
				CLANG_WARN_OBJC_IMPLICIT_RETAIN_SELF = YES;
				CLANG_WARN_OBJC_LITERAL_CONVERSION = YES;
				CLANG_WARN_OBJC_ROOT_CLASS = YES_ERROR;
				CLANG_WARN_RANGE_LOOP_ANALYSIS = YES;
				CLANG_WARN_STRICT_PROTOTYPES = YES;
				CLANG_WARN_SUSPICIOUS_MOVE = YES;
				CLANG_WARN_UNGUARDED_AVAILABILITY = YES_AGGRESSIVE;
				CLANG_WARN_UNREACHABLE_CODE = YES;
				CLANG_WARN__DUPLICATE_METHOD_MATCH = YES;
				COPY_PHASE_STRIP = NO;
				DEBUG_INFORMATION_FORMAT = dwarf;
				ENABLE_STRICT_OBJC_MSGSEND = YES;
				ENABLE_TESTABILITY = YES;
				GCC_C_LANGUAGE_STANDARD = gnu11;
				GCC_DYNAMIC_NO_PIC = NO;
				GCC_NO_COMMON_BLOCKS = YES;
				GCC_OPTIMIZATION_LEVEL = 0;
				GCC_PREPROCESSOR_DEFINITIONS = (
					"DEBUG=1",
					"$(inherited)",
				);
				GCC_WARN_64_TO_32_BIT_CONVERSION = YES;
				GCC_WARN_ABOUT_RETURN_TYPE = YES_ERROR;
				GCC_WARN_UNDECLARED_SELECTOR = YES;
				GCC_WARN_UNINITIALIZED_AUTOS = YES_AGGRESSIVE;
				GCC_WARN_UNUSED_FUNCTION = YES;
				GCC_WARN_UNUSED_VARIABLE = YES;
				IPHONEOS_DEPLOYMENT_TARGET = 13.6;
				MTL_ENABLE_DEBUG_INFO = INCLUDE_SOURCE;
				MTL_FAST_MATH = YES;
				ONLY_ACTIVE_ARCH = YES;
				SDKROOT = iphoneos;
				SWIFT_ACTIVE_COMPILATION_CONDITIONS = DEBUG;
				SWIFT_OPTIMIZATION_LEVEL = "-Onone";
			};
			name = Debug;
		};
		D577888F252498DA00CE60CD /* Release */ = {
			isa = XCBuildConfiguration;
			buildSettings = {
				ALWAYS_SEARCH_USER_PATHS = NO;
				CLANG_ANALYZER_NONNULL = YES;
				CLANG_ANALYZER_NUMBER_OBJECT_CONVERSION = YES_AGGRESSIVE;
				CLANG_CXX_LANGUAGE_STANDARD = "gnu++14";
				CLANG_CXX_LIBRARY = "libc++";
				CLANG_ENABLE_MODULES = YES;
				CLANG_ENABLE_OBJC_ARC = YES;
				CLANG_ENABLE_OBJC_WEAK = YES;
				CLANG_WARN_BLOCK_CAPTURE_AUTORELEASING = YES;
				CLANG_WARN_BOOL_CONVERSION = YES;
				CLANG_WARN_COMMA = YES;
				CLANG_WARN_CONSTANT_CONVERSION = YES;
				CLANG_WARN_DEPRECATED_OBJC_IMPLEMENTATIONS = YES;
				CLANG_WARN_DIRECT_OBJC_ISA_USAGE = YES_ERROR;
				CLANG_WARN_DOCUMENTATION_COMMENTS = YES;
				CLANG_WARN_EMPTY_BODY = YES;
				CLANG_WARN_ENUM_CONVERSION = YES;
				CLANG_WARN_INFINITE_RECURSION = YES;
				CLANG_WARN_INT_CONVERSION = YES;
				CLANG_WARN_NON_LITERAL_NULL_CONVERSION = YES;
				CLANG_WARN_OBJC_IMPLICIT_RETAIN_SELF = YES;
				CLANG_WARN_OBJC_LITERAL_CONVERSION = YES;
				CLANG_WARN_OBJC_ROOT_CLASS = YES_ERROR;
				CLANG_WARN_RANGE_LOOP_ANALYSIS = YES;
				CLANG_WARN_STRICT_PROTOTYPES = YES;
				CLANG_WARN_SUSPICIOUS_MOVE = YES;
				CLANG_WARN_UNGUARDED_AVAILABILITY = YES_AGGRESSIVE;
				CLANG_WARN_UNREACHABLE_CODE = YES;
				CLANG_WARN__DUPLICATE_METHOD_MATCH = YES;
				COPY_PHASE_STRIP = NO;
				DEBUG_INFORMATION_FORMAT = "dwarf-with-dsym";
				ENABLE_NS_ASSERTIONS = NO;
				ENABLE_STRICT_OBJC_MSGSEND = YES;
				GCC_C_LANGUAGE_STANDARD = gnu11;
				GCC_NO_COMMON_BLOCKS = YES;
				GCC_WARN_64_TO_32_BIT_CONVERSION = YES;
				GCC_WARN_ABOUT_RETURN_TYPE = YES_ERROR;
				GCC_WARN_UNDECLARED_SELECTOR = YES;
				GCC_WARN_UNINITIALIZED_AUTOS = YES_AGGRESSIVE;
				GCC_WARN_UNUSED_FUNCTION = YES;
				GCC_WARN_UNUSED_VARIABLE = YES;
				IPHONEOS_DEPLOYMENT_TARGET = 13.6;
				MTL_ENABLE_DEBUG_INFO = NO;
				MTL_FAST_MATH = YES;
				SDKROOT = iphoneos;
				SWIFT_COMPILATION_MODE = wholemodule;
				SWIFT_OPTIMIZATION_LEVEL = "-O";
				VALIDATE_PRODUCT = YES;
			};
			name = Release;
		};
		D5778891252498DA00CE60CD /* Debug */ = {
			isa = XCBuildConfiguration;
			buildSettings = {
				ASSETCATALOG_COMPILER_APPICON_NAME = AppIcon;
				CODE_SIGN_STYLE = Automatic;
				DEVELOPMENT_TEAM = 6N48TJWJ95;
				INFOPLIST_FILE = ComposeMemo/Info.plist;
				IPHONEOS_DEPLOYMENT_TARGET = 13.6;
				LD_RUNPATH_SEARCH_PATHS = (
					"$(inherited)",
					"@executable_path/Frameworks",
				);
				PRODUCT_BUNDLE_IDENTIFIER = "Shinya-Inomata.ComposeMemo";
				PRODUCT_NAME = "$(TARGET_NAME)";
				SWIFT_VERSION = 5.0;
				TARGETED_DEVICE_FAMILY = 1;
			};
			name = Debug;
		};
		D5778892252498DA00CE60CD /* Release */ = {
			isa = XCBuildConfiguration;
			buildSettings = {
				ASSETCATALOG_COMPILER_APPICON_NAME = AppIcon;
				CODE_SIGN_STYLE = Automatic;
				DEVELOPMENT_TEAM = 6N48TJWJ95;
				INFOPLIST_FILE = ComposeMemo/Info.plist;
				IPHONEOS_DEPLOYMENT_TARGET = 13.6;
				LD_RUNPATH_SEARCH_PATHS = (
					"$(inherited)",
					"@executable_path/Frameworks",
				);
				PRODUCT_BUNDLE_IDENTIFIER = "Shinya-Inomata.ComposeMemo";
				PRODUCT_NAME = "$(TARGET_NAME)";
				SWIFT_VERSION = 5.0;
				TARGETED_DEVICE_FAMILY = 1;
			};
			name = Release;
		};
		D5778894252498DA00CE60CD /* Debug */ = {
			isa = XCBuildConfiguration;
			buildSettings = {
				ALWAYS_EMBED_SWIFT_STANDARD_LIBRARIES = YES;
				BUNDLE_LOADER = "$(TEST_HOST)";
				CODE_SIGN_STYLE = Automatic;
				INFOPLIST_FILE = ComposeMemoTests/Info.plist;
				IPHONEOS_DEPLOYMENT_TARGET = 13.6;
				LD_RUNPATH_SEARCH_PATHS = (
					"$(inherited)",
					"@executable_path/Frameworks",
					"@loader_path/Frameworks",
				);
				PRODUCT_BUNDLE_IDENTIFIER = "Shinya-Inomata.ComposeMemoTests";
				PRODUCT_NAME = "$(TARGET_NAME)";
				SWIFT_VERSION = 5.0;
				TARGETED_DEVICE_FAMILY = "1,2";
				TEST_HOST = "$(BUILT_PRODUCTS_DIR)/ComposeMemo.app/ComposeMemo";
			};
			name = Debug;
		};
		D5778895252498DA00CE60CD /* Release */ = {
			isa = XCBuildConfiguration;
			buildSettings = {
				ALWAYS_EMBED_SWIFT_STANDARD_LIBRARIES = YES;
				BUNDLE_LOADER = "$(TEST_HOST)";
				CODE_SIGN_STYLE = Automatic;
				INFOPLIST_FILE = ComposeMemoTests/Info.plist;
				IPHONEOS_DEPLOYMENT_TARGET = 13.6;
				LD_RUNPATH_SEARCH_PATHS = (
					"$(inherited)",
					"@executable_path/Frameworks",
					"@loader_path/Frameworks",
				);
				PRODUCT_BUNDLE_IDENTIFIER = "Shinya-Inomata.ComposeMemoTests";
				PRODUCT_NAME = "$(TARGET_NAME)";
				SWIFT_VERSION = 5.0;
				TARGETED_DEVICE_FAMILY = "1,2";
				TEST_HOST = "$(BUILT_PRODUCTS_DIR)/ComposeMemo.app/ComposeMemo";
			};
			name = Release;
		};
		D5778897252498DA00CE60CD /* Debug */ = {
			isa = XCBuildConfiguration;
			buildSettings = {
				ALWAYS_EMBED_SWIFT_STANDARD_LIBRARIES = YES;
				CODE_SIGN_STYLE = Automatic;
				INFOPLIST_FILE = ComposeMemoUITests/Info.plist;
				LD_RUNPATH_SEARCH_PATHS = (
					"$(inherited)",
					"@executable_path/Frameworks",
					"@loader_path/Frameworks",
				);
				PRODUCT_BUNDLE_IDENTIFIER = "Shinya-Inomata.ComposeMemoUITests";
				PRODUCT_NAME = "$(TARGET_NAME)";
				SWIFT_VERSION = 5.0;
				TARGETED_DEVICE_FAMILY = "1,2";
				TEST_TARGET_NAME = ComposeMemo;
			};
			name = Debug;
		};
		D5778898252498DA00CE60CD /* Release */ = {
			isa = XCBuildConfiguration;
			buildSettings = {
				ALWAYS_EMBED_SWIFT_STANDARD_LIBRARIES = YES;
				CODE_SIGN_STYLE = Automatic;
				INFOPLIST_FILE = ComposeMemoUITests/Info.plist;
				LD_RUNPATH_SEARCH_PATHS = (
					"$(inherited)",
					"@executable_path/Frameworks",
					"@loader_path/Frameworks",
				);
				PRODUCT_BUNDLE_IDENTIFIER = "Shinya-Inomata.ComposeMemoUITests";
				PRODUCT_NAME = "$(TARGET_NAME)";
				SWIFT_VERSION = 5.0;
				TARGETED_DEVICE_FAMILY = "1,2";
				TEST_TARGET_NAME = ComposeMemo;
			};
			name = Release;
		};
/* End XCBuildConfiguration section */

/* Begin XCConfigurationList section */
		D5778861252498D400CE60CD /* Build configuration list for PBXProject "ComposeMemo" */ = {
			isa = XCConfigurationList;
			buildConfigurations = (
				D577888E252498DA00CE60CD /* Debug */,
				D577888F252498DA00CE60CD /* Release */,
			);
			defaultConfigurationIsVisible = 0;
			defaultConfigurationName = Release;
		};
		D5778890252498DA00CE60CD /* Build configuration list for PBXNativeTarget "ComposeMemo" */ = {
			isa = XCConfigurationList;
			buildConfigurations = (
				D5778891252498DA00CE60CD /* Debug */,
				D5778892252498DA00CE60CD /* Release */,
			);
			defaultConfigurationIsVisible = 0;
			defaultConfigurationName = Release;
		};
		D5778893252498DA00CE60CD /* Build configuration list for PBXNativeTarget "ComposeMemoTests" */ = {
			isa = XCConfigurationList;
			buildConfigurations = (
				D5778894252498DA00CE60CD /* Debug */,
				D5778895252498DA00CE60CD /* Release */,
			);
			defaultConfigurationIsVisible = 0;
			defaultConfigurationName = Release;
		};
		D5778896252498DA00CE60CD /* Build configuration list for PBXNativeTarget "ComposeMemoUITests" */ = {
			isa = XCConfigurationList;
			buildConfigurations = (
				D5778897252498DA00CE60CD /* Debug */,
				D5778898252498DA00CE60CD /* Release */,
			);
			defaultConfigurationIsVisible = 0;
			defaultConfigurationName = Release;
		};
/* End XCConfigurationList section */
	};
	rootObject = D577885E252498D400CE60CD /* Project object */;
}
